
Microsoft Visual Studio Solution File, Format Version 12.00
# Visual Studio Version 17
VisualStudioVersion = 17.0.31903.59
MinimumVisualStudioVersion = 10.0.40219.1
Project("{2150E333-8FDC-42A3-9474-1A3956D46DE8}") = "src", "src", "{827E0CD3-B72D-47B6-A68D-7590B98EB39B}"
EndProject
Project("{FAE04EC0-301F-11D3-BF4B-00C04F79EFBC}") = "MyCompany.MyApp.Web", "src\MyCompany.MyApp.Web\MyCompany.MyApp.Web.csproj", "{B531656C-B8CF-432B-94C3-7722416002C8}"
EndProject
Project("{FAE04EC0-301F-11D3-BF4B-00C04F79EFBC}") = "MyCompany.MyApp.Core", "src\MyCompany.MyApp.Core\MyCompany.MyApp.Core.csproj", "{99CFA741-488A-4A28-B0A9-985E983BA683}"
EndProject
Project("{FAE04EC0-301F-11D3-BF4B-00C04F79EFBC}") = "MyCompany.MyApp.Services", "src\MyCompany.MyApp.Services\MyCompany.MyApp.Services.csproj", "{698ACFA1-C5C0-4E99-86EF-D0FD0E577FA3}"
EndProject
Project("{FAE04EC0-301F-11D3-BF4B-00C04F79EFBC}") = "MyCompany.MyApp.Data", "src\MyCompany.MyApp.Data\MyCompany.MyApp.Data.csproj", "{9A1E8288-CDE2-45F9-9773-8CCA83862781}"
EndProject
Project("{FAE04EC0-301F-11D3-BF4B-00C04F79EFBC}") = "MyCompany.MyApp.Shared", "src\MyCompany.MyApp.Shared\MyCompany.MyApp.Shared.csproj", "{B93BE424-78DD-4EC7-84AE-8794C5B3C41E}"
EndProject
Project("{2150E333-8FDC-42A3-9474-1A3956D46DE8}") = "tests", "tests", "{0AB3BF05-4346-4AA6-1389-037BE0695223}"
EndProject
Project("{FAE04EC0-301F-11D3-BF4B-00C04F79EFBC}") = "MyCompany.MyApp.Tests", "tests\MyCompany.MyApp.Tests\MyCompany.MyApp.Tests.csproj", "{718C2CDA-21A0-4478-9D7D-EFE96CBA9B2C}"
EndProject
Global
	GlobalSection(SolutionConfigurationPlatforms) = preSolution
		Debug|Any CPU = Debug|Any CPU
		Debug|x64 = Debug|x64
		Debug|x86 = Debug|x86
		Release|Any CPU = Release|Any CPU
		Release|x64 = Release|x64
		Release|x86 = Release|x86
	EndGlobalSection
	GlobalSection(ProjectConfigurationPlatforms) = postSolution
		{B531656C-B8CF-432B-94C3-7722416002C8}.Debug|Any CPU.ActiveCfg = Debug|Any CPU
		{B531656C-B8CF-432B-94C3-7722416002C8}.Debug|Any CPU.Build.0 = Debug|Any CPU
		{B531656C-B8CF-432B-94C3-7722416002C8}.Debug|x64.ActiveCfg = Debug|Any CPU
		{B531656C-B8CF-432B-94C3-7722416002C8}.Debug|x64.Build.0 = Debug|Any CPU
		{B531656C-B8CF-432B-94C3-7722416002C8}.Debug|x86.ActiveCfg = Debug|Any CPU
		{B531656C-B8CF-432B-94C3-7722416002C8}.Debug|x86.Build.0 = Debug|Any CPU
		{B531656C-B8CF-432B-94C3-7722416002C8}.Release|Any CPU.ActiveCfg = Release|Any CPU
		{B531656C-B8CF-432B-94C3-7722416002C8}.Release|Any CPU.Build.0 = Release|Any CPU
		{B531656C-B8CF-432B-94C3-7722416002C8}.Release|x64.ActiveCfg = Release|Any CPU
		{B531656C-B8CF-432B-94C3-7722416002C8}.Release|x64.Build.0 = Release|Any CPU
		{B531656C-B8CF-432B-94C3-7722416002C8}.Release|x86.ActiveCfg = Release|Any CPU
		{B531656C-B8CF-432B-94C3-7722416002C8}.Release|x86.Build.0 = Release|Any CPU
		{99CFA741-488A-4A28-B0A9-985E983BA683}.Debug|Any CPU.ActiveCfg = Debug|Any CPU
		{99CFA741-488A-4A28-B0A9-985E983BA683}.Debug|Any CPU.Build.0 = Debug|Any CPU
		{99CFA741-488A-4A28-B0A9-985E983BA683}.Debug|x64.ActiveCfg = Debug|Any CPU
		{99CFA741-488A-4A28-B0A9-985E983BA683}.Debug|x64.Build.0 = Debug|Any CPU
		{99CFA741-488A-4A28-B0A9-985E983BA683}.Debug|x86.ActiveCfg = Debug|Any CPU
		{99CFA741-488A-4A28-B0A9-985E983BA683}.Debug|x86.Build.0 = Debug|Any CPU
		{99CFA741-488A-4A28-B0A9-985E983BA683}.Release|Any CPU.ActiveCfg = Release|Any CPU
		{99CFA741-488A-4A28-B0A9-985E983BA683}.Release|Any CPU.Build.0 = Release|Any CPU
		{99CFA741-488A-4A28-B0A9-985E983BA683}.Release|x64.ActiveCfg = Release|Any CPU
		{99CFA741-488A-4A28-B0A9-985E983BA683}.Release|x64.Build.0 = Release|Any CPU
		{99CFA741-488A-4A28-B0A9-985E983BA683}.Release|x86.ActiveCfg = Release|Any CPU
		{99CFA741-488A-4A28-B0A9-985E983BA683}.Release|x86.Build.0 = Release|Any CPU
		{698ACFA1-C5C0-4E99-86EF-D0FD0E577FA3}.Debug|Any CPU.ActiveCfg = Debug|Any CPU
		{698ACFA1-C5C0-4E99-86EF-D0FD0E577FA3}.Debug|Any CPU.Build.0 = Debug|Any CPU
		{698ACFA1-C5C0-4E99-86EF-D0FD0E577FA3}.Debug|x64.ActiveCfg = Debug|Any CPU
		{698ACFA1-C5C0-4E99-86EF-D0FD0E577FA3}.Debug|x64.Build.0 = Debug|Any CPU
		{698ACFA1-C5C0-4E99-86EF-D0FD0E577FA3}.Debug|x86.ActiveCfg = Debug|Any CPU
		{698ACFA1-C5C0-4E99-86EF-D0FD0E577FA3}.Debug|x86.Build.0 = Debug|Any CPU
		{698ACFA1-C5C0-4E99-86EF-D0FD0E577FA3}.Release|Any CPU.ActiveCfg = Release|Any CPU
		{698ACFA1-C5C0-4E99-86EF-D0FD0E577FA3}.Release|Any CPU.Build.0 = Release|Any CPU
		{698ACFA1-C5C0-4E99-86EF-D0FD0E577FA3}.Release|x64.ActiveCfg = Release|Any CPU
		{698ACFA1-C5C0-4E99-86EF-D0FD0E577FA3}.Release|x64.Build.0 = Release|Any CPU
		{698ACFA1-C5C0-4E99-86EF-D0FD0E577FA3}.Release|x86.ActiveCfg = Release|Any CPU
		{698ACFA1-C5C0-4E99-86EF-D0FD0E577FA3}.Release|x86.Build.0 = Release|Any CPU
		{9A1E8288-CDE2-45F9-9773-8CCA83862781}.Debug|Any CPU.ActiveCfg = Debug|Any CPU
		{9A1E8288-CDE2-45F9-9773-8CCA83862781}.Debug|Any CPU.Build.0 = Debug|Any CPU
		{9A1E8288-CDE2-45F9-9773-8CCA83862781}.Debug|x64.ActiveCfg = Debug|Any CPU
		{9A1E8288-CDE2-45F9-9773-8CCA83862781}.Debug|x64.Build.0 = Debug|Any CPU
		{9A1E8288-CDE2-45F9-9773-8CCA83862781}.Debug|x86.ActiveCfg = Debug|Any CPU
		{9A1E8288-CDE2-45F9-9773-8CCA83862781}.Debug|x86.Build.0 = Debug|Any CPU
		{9A1E8288-CDE2-45F9-9773-8CCA83862781}.Release|Any CPU.ActiveCfg = Release|Any CPU
		{9A1E8288-CDE2-45F9-9773-8CCA83862781}.Release|Any CPU.Build.0 = Release|Any CPU
		{9A1E8288-CDE2-45F9-9773-8CCA83862781}.Release|x64.ActiveCfg = Release|Any CPU
		{9A1E8288-CDE2-45F9-9773-8CCA83862781}.Release|x64.Build.0 = Release|Any CPU
		{9A1E8288-CDE2-45F9-9773-8CCA83862781}.Release|x86.ActiveCfg = Release|Any CPU
		{9A1E8288-CDE2-45F9-9773-8CCA83862781}.Release|x86.Build.0 = Release|Any CPU
		{B93BE424-78DD-4EC7-84AE-8794C5B3C41E}.Debug|Any CPU.ActiveCfg = Debug|Any CPU
		{B93BE424-78DD-4EC7-84AE-8794C5B3C41E}.Debug|Any CPU.Build.0 = Debug|Any CPU
		{B93BE424-78DD-4EC7-84AE-8794C5B3C41E}.Debug|x64.ActiveCfg = Debug|Any CPU
		{B93BE424-78DD-4EC7-84AE-8794C5B3C41E}.Debug|x64.Build.0 = Debug|Any CPU
		{B93BE424-78DD-4EC7-84AE-8794C5B3C41E}.Debug|x86.ActiveCfg = Debug|Any CPU
		{B93BE424-78DD-4EC7-84AE-8794C5B3C41E}.Debug|x86.Build.0 = Debug|Any CPU
		{B93BE424-78DD-4EC7-84AE-8794C5B3C41E}.Release|Any CPU.ActiveCfg = Release|Any CPU
		{B93BE424-78DD-4EC7-84AE-8794C5B3C41E}.Release|Any CPU.Build.0 = Release|Any CPU
		{B93BE424-78DD-4EC7-84AE-8794C5B3C41E}.Release|x64.ActiveCfg = Release|Any CPU
		{B93BE424-78DD-4EC7-84AE-8794C5B3C41E}.Release|x64.Build.0 = Release|Any CPU
		{B93BE424-78DD-4EC7-84AE-8794C5B3C41E}.Release|x86.ActiveCfg = Release|Any CPU
		{B93BE424-78DD-4EC7-84AE-8794C5B3C41E}.Release|x86.Build.0 = Release|Any CPU
		{718C2CDA-21A0-4478-9D7D-EFE96CBA9B2C}.Debug|Any CPU.ActiveCfg = Debug|Any CPU
		{718C2CDA-21A0-4478-9D7D-EFE96CBA9B2C}.Debug|Any CPU.Build.0 = Debug|Any CPU
		{718C2CDA-21A0-4478-9D7D-EFE96CBA9B2C}.Debug|x64.ActiveCfg = Debug|Any CPU
		{718C2CDA-21A0-4478-9D7D-EFE96CBA9B2C}.Debug|x64.Build.0 = Debug|Any CPU
		{718C2CDA-21A0-4478-9D7D-EFE96CBA9B2C}.Debug|x86.ActiveCfg = Debug|Any CPU
		{718C2CDA-21A0-4478-9D7D-EFE96CBA9B2C}.Debug|x86.Build.0 = Debug|Any CPU
		{718C2CDA-21A0-4478-9D7D-EFE96CBA9B2C}.Release|Any CPU.ActiveCfg = Release|Any CPU
		{718C2CDA-21A0-4478-9D7D-EFE96CBA9B2C}.Release|Any CPU.Build.0 = Release|Any CPU
		{718C2CDA-21A0-4478-9D7D-EFE96CBA9B2C}.Release|x64.ActiveCfg = Release|Any CPU
		{718C2CDA-21A0-4478-9D7D-EFE96CBA9B2C}.Release|x64.Build.0 = Release|Any CPU
		{718C2CDA-21A0-4478-9D7D-EFE96CBA9B2C}.Release|x86.ActiveCfg = Release|Any CPU
		{718C2CDA-21A0-4478-9D7D-EFE96CBA9B2C}.Release|x86.Build.0 = Release|Any CPU
	EndGlobalSection
	GlobalSection(SolutionProperties) = preSolution
		HideSolutionNode = FALSE
	EndGlobalSection
	GlobalSection(NestedProjects) = preSolution
		{B531656C-B8CF-432B-94C3-7722416002C8} = {827E0CD3-B72D-47B6-A68D-7590B98EB39B}
		{99CFA741-488A-4A28-B0A9-985E983BA683} = {827E0CD3-B72D-47B6-A68D-7590B98EB39B}
		{698ACFA1-C5C0-4E99-86EF-D0FD0E577FA3} = {827E0CD3-B72D-47B6-A68D-7590B98EB39B}
		{9A1E8288-CDE2-45F9-9773-8CCA83862781} = {827E0CD3-B72D-47B6-A68D-7590B98EB39B}
		{B93BE424-78DD-4EC7-84AE-8794C5B3C41E} = {827E0CD3-B72D-47B6-A68D-7590B98EB39B}
		{718C2CDA-21A0-4478-9D7D-EFE96CBA9B2C} = {0AB3BF05-4346-4AA6-1389-037BE0695223}
	EndGlobalSection
EndGlobal
